// !$*UTF8*$!
{
	archiveVersion = 1;
	classes = {
	};
	objectVersion = 56;
	objects = {

/* Begin PBXBuildFile section */
		7D4821882BEE7A0900913B46 /* TaskCellViewModel.swift in Sources */ = {isa = PBXBuildFile; fileRef = 7D4821872BEE7A0900913B46 /* TaskCellViewModel.swift */; };
		7D48218A2BEE838A00913B46 /* TaskListViewModel.swift in Sources */ = {isa = PBXBuildFile; fileRef = 7D4821892BEE838A00913B46 /* TaskListViewModel.swift */; };
		7D48218C2BEF6AA700913B46 /* GoogleService-Info.plist in Resources */ = {isa = PBXBuildFile; fileRef = 7D48218B2BEF6AA700913B46 /* GoogleService-Info.plist */; };
		7D48218F2BEF6D1F00913B46 /* FirebaseAnalytics in Frameworks */ = {isa = PBXBuildFile; productRef = 7D48218E2BEF6D1F00913B46 /* FirebaseAnalytics */; };
		7D4821912BEF6D1F00913B46 /* FirebaseAuth in Frameworks */ = {isa = PBXBuildFile; productRef = 7D4821902BEF6D1F00913B46 /* FirebaseAuth */; };
		7D4821932BEF6D1F00913B46 /* FirebaseFirestore in Frameworks */ = {isa = PBXBuildFile; productRef = 7D4821922BEF6D1F00913B46 /* FirebaseFirestore */; };
		7D4821962BEF711300913B46 /* FirebaseFirestoreSwift in Frameworks */ = {isa = PBXBuildFile; productRef = 7D4821952BEF711300913B46 /* FirebaseFirestoreSwift */; };
		7D4821992BEF729100913B46 /* TaskRepository.swift in Sources */ = {isa = PBXBuildFile; fileRef = 7D4821982BEF729100913B46 /* TaskRepository.swift */; };
		7DF4D80D2BEE68EA002E6D03 /* Firebase_ToDos_AppleSignInApp.swift in Sources */ = {isa = PBXBuildFile; fileRef = 7DF4D80C2BEE68EA002E6D03 /* Firebase_ToDos_AppleSignInApp.swift */; };
		7DF4D80F2BEE68EA002E6D03 /* TaskListView.swift in Sources */ = {isa = PBXBuildFile; fileRef = 7DF4D80E2BEE68EA002E6D03 /* TaskListView.swift */; };
		7DF4D8112BEE68ED002E6D03 /* Assets.xcassets in Resources */ = {isa = PBXBuildFile; fileRef = 7DF4D8102BEE68ED002E6D03 /* Assets.xcassets */; };
		7DF4D8142BEE68ED002E6D03 /* Preview Assets.xcassets in Resources */ = {isa = PBXBuildFile; fileRef = 7DF4D8132BEE68ED002E6D03 /* Preview Assets.xcassets */; };
		7DF4D81C2BEE6A70002E6D03 /* Task.swift in Sources */ = {isa = PBXBuildFile; fileRef = 7DF4D81B2BEE6A70002E6D03 /* Task.swift */; };
/* End PBXBuildFile section */

/* Begin PBXFileReference section */
		7D4821872BEE7A0900913B46 /* TaskCellViewModel.swift */ = {isa = PBXFileReference; lastKnownFileType = sourcecode.swift; path = TaskCellViewModel.swift; sourceTree = "<group>"; };
		7D4821892BEE838A00913B46 /* TaskListViewModel.swift */ = {isa = PBXFileReference; lastKnownFileType = sourcecode.swift; path = TaskListViewModel.swift; sourceTree = "<group>"; };
		7D48218B2BEF6AA700913B46 /* GoogleService-Info.plist */ = {isa = PBXFileReference; fileEncoding = 4; lastKnownFileType = text.plist.xml; path = "GoogleService-Info.plist"; sourceTree = "<group>"; };
		7D4821982BEF729100913B46 /* TaskRepository.swift */ = {isa = PBXFileReference; lastKnownFileType = sourcecode.swift; path = TaskRepository.swift; sourceTree = "<group>"; };
		7DF4D8092BEE68EA002E6D03 /* Firebase-ToDos-AppleSignIn.app */ = {isa = PBXFileReference; explicitFileType = wrapper.application; includeInIndex = 0; path = "Firebase-ToDos-AppleSignIn.app"; sourceTree = BUILT_PRODUCTS_DIR; };
		7DF4D80C2BEE68EA002E6D03 /* Firebase_ToDos_AppleSignInApp.swift */ = {isa = PBXFileReference; lastKnownFileType = sourcecode.swift; path = Firebase_ToDos_AppleSignInApp.swift; sourceTree = "<group>"; };
		7DF4D80E2BEE68EA002E6D03 /* TaskListView.swift */ = {isa = PBXFileReference; lastKnownFileType = sourcecode.swift; path = TaskListView.swift; sourceTree = "<group>"; };
		7DF4D8102BEE68ED002E6D03 /* Assets.xcassets */ = {isa = PBXFileReference; lastKnownFileType = folder.assetcatalog; path = Assets.xcassets; sourceTree = "<group>"; };
		7DF4D8132BEE68ED002E6D03 /* Preview Assets.xcassets */ = {isa = PBXFileReference; lastKnownFileType = folder.assetcatalog; path = "Preview Assets.xcassets"; sourceTree = "<group>"; };
		7DF4D81B2BEE6A70002E6D03 /* Task.swift */ = {isa = PBXFileReference; lastKnownFileType = sourcecode.swift; path = Task.swift; sourceTree = "<group>"; };
/* End PBXFileReference section */

/* Begin PBXFrameworksBuildPhase section */
		7DF4D8062BEE68EA002E6D03 /* Frameworks */ = {
			isa = PBXFrameworksBuildPhase;
			buildActionMask = 2147483647;
			files = (
				7D48218F2BEF6D1F00913B46 /* FirebaseAnalytics in Frameworks */,
				7D4821912BEF6D1F00913B46 /* FirebaseAuth in Frameworks */,
				7D4821932BEF6D1F00913B46 /* FirebaseFirestore in Frameworks */,
				7D4821962BEF711300913B46 /* FirebaseFirestoreSwift in Frameworks */,
			);
			runOnlyForDeploymentPostprocessing = 0;
		};
/* End PBXFrameworksBuildPhase section */

/* Begin PBXGroup section */
		7D4821862BEE79D000913B46 /* ViewModels */ = {
			isa = PBXGroup;
			children = (
				7D4821872BEE7A0900913B46 /* TaskCellViewModel.swift */,
				7D4821892BEE838A00913B46 /* TaskListViewModel.swift */,
			);
			path = ViewModels;
			sourceTree = "<group>";
		};
		7D4821942BEF711300913B46 /* Frameworks */ = {
			isa = PBXGroup;
			children = (
			);
			name = Frameworks;
			sourceTree = "<group>";
		};
		7D4821972BEF722400913B46 /* Repositories */ = {
			isa = PBXGroup;
			children = (
				7D4821982BEF729100913B46 /* TaskRepository.swift */,
			);
			path = Repositories;
			sourceTree = "<group>";
		};
		7DF4D8002BEE68E9002E6D03 = {
			isa = PBXGroup;
			children = (
				7DF4D80B2BEE68EA002E6D03 /* Firebase-ToDos-AppleSignIn */,
				7DF4D80A2BEE68EA002E6D03 /* Products */,
				7D4821942BEF711300913B46 /* Frameworks */,
			);
			sourceTree = "<group>";
		};
		7DF4D80A2BEE68EA002E6D03 /* Products */ = {
			isa = PBXGroup;
			children = (
				7DF4D8092BEE68EA002E6D03 /* Firebase-ToDos-AppleSignIn.app */,
			);
			name = Products;
			sourceTree = "<group>";
		};
		7DF4D80B2BEE68EA002E6D03 /* Firebase-ToDos-AppleSignIn */ = {
			isa = PBXGroup;
			children = (
				7DF4D81D2BEE6C6C002E6D03 /* App */,
				7D4821972BEF722400913B46 /* Repositories */,
				7DF4D81A2BEE6A23002E6D03 /* Model */,
				7D4821862BEE79D000913B46 /* ViewModels */,
				7DF4D81E2BEE6C8E002E6D03 /* Views */,
				7D48218B2BEF6AA700913B46 /* GoogleService-Info.plist */,
				7DF4D8102BEE68ED002E6D03 /* Assets.xcassets */,
				7DF4D8122BEE68ED002E6D03 /* Preview Content */,
			);
			path = "Firebase-ToDos-AppleSignIn";
			sourceTree = "<group>";
		};
		7DF4D8122BEE68ED002E6D03 /* Preview Content */ = {
			isa = PBXGroup;
			children = (
				7DF4D8132BEE68ED002E6D03 /* Preview Assets.xcassets */,
			);
			path = "Preview Content";
			sourceTree = "<group>";
		};
		7DF4D81A2BEE6A23002E6D03 /* Model */ = {
			isa = PBXGroup;
			children = (
				7DF4D81B2BEE6A70002E6D03 /* Task.swift */,
			);
			path = Model;
			sourceTree = "<group>";
		};
		7DF4D81D2BEE6C6C002E6D03 /* App */ = {
			isa = PBXGroup;
			children = (
				7DF4D80C2BEE68EA002E6D03 /* Firebase_ToDos_AppleSignInApp.swift */,
			);
			path = App;
			sourceTree = "<group>";
		};
		7DF4D81E2BEE6C8E002E6D03 /* Views */ = {
			isa = PBXGroup;
			children = (
				7DF4D80E2BEE68EA002E6D03 /* TaskListView.swift */,
			);
			path = Views;
			sourceTree = "<group>";
		};
/* End PBXGroup section */

/* Begin PBXNativeTarget section */
		7DF4D8082BEE68EA002E6D03 /* Firebase-ToDos-AppleSignIn */ = {
			isa = PBXNativeTarget;
			buildConfigurationList = 7DF4D8172BEE68ED002E6D03 /* Build configuration list for PBXNativeTarget "Firebase-ToDos-AppleSignIn" */;
			buildPhases = (
				7DF4D8052BEE68EA002E6D03 /* Sources */,
				7DF4D8062BEE68EA002E6D03 /* Frameworks */,
				7DF4D8072BEE68EA002E6D03 /* Resources */,
			);
			buildRules = (
			);
			dependencies = (
			);
			name = "Firebase-ToDos-AppleSignIn";
			packageProductDependencies = (
				7D48218E2BEF6D1F00913B46 /* FirebaseAnalytics */,
				7D4821902BEF6D1F00913B46 /* FirebaseAuth */,
				7D4821922BEF6D1F00913B46 /* FirebaseFirestore */,
				7D4821952BEF711300913B46 /* FirebaseFirestoreSwift */,
			);
			productName = "Firebase-ToDos-AppleSignIn";
			productReference = 7DF4D8092BEE68EA002E6D03 /* Firebase-ToDos-AppleSignIn.app */;
			productType = "com.apple.product-type.application";
		};
/* End PBXNativeTarget section */

/* Begin PBXProject section */
		7DF4D8012BEE68E9002E6D03 /* Project object */ = {
			isa = PBXProject;
			attributes = {
				BuildIndependentTargetsInParallel = 1;
				LastSwiftUpdateCheck = 1530;
				LastUpgradeCheck = 1530;
				TargetAttributes = {
					7DF4D8082BEE68EA002E6D03 = {
						CreatedOnToolsVersion = 15.3;
					};
				};
			};
			buildConfigurationList = 7DF4D8042BEE68E9002E6D03 /* Build configuration list for PBXProject "Firebase-ToDos-AppleSignIn" */;
			compatibilityVersion = "Xcode 14.0";
			developmentRegion = en;
			hasScannedForEncodings = 0;
			knownRegions = (
				en,
				Base,
			);
			mainGroup = 7DF4D8002BEE68E9002E6D03;
			packageReferences = (
				7D48218D2BEF6D1F00913B46 /* XCRemoteSwiftPackageReference "firebase-ios-sdk" */,
			);
			productRefGroup = 7DF4D80A2BEE68EA002E6D03 /* Products */;
			projectDirPath = "";
			projectRoot = "";
			targets = (
				7DF4D8082BEE68EA002E6D03 /* Firebase-ToDos-AppleSignIn */,
			);
		};
/* End PBXProject section */

/* Begin PBXResourcesBuildPhase section */
		7DF4D8072BEE68EA002E6D03 /* Resources */ = {
			isa = PBXResourcesBuildPhase;
			buildActionMask = 2147483647;
			files = (
				7DF4D8142BEE68ED002E6D03 /* Preview Assets.xcassets in Resources */,
				7DF4D8112BEE68ED002E6D03 /* Assets.xcassets in Resources */,
				7D48218C2BEF6AA700913B46 /* GoogleService-Info.plist in Resources */,
			);
			runOnlyForDeploymentPostprocessing = 0;
		};
/* End PBXResourcesBuildPhase section */

/* Begin PBXSourcesBuildPhase section */
		7DF4D8052BEE68EA002E6D03 /* Sources */ = {
			isa = PBXSourcesBuildPhase;
			buildActionMask = 2147483647;
			files = (
				7D4821992BEF729100913B46 /* TaskRepository.swift in Sources */,
				7DF4D80F2BEE68EA002E6D03 /* TaskListView.swift in Sources */,
				7D4821882BEE7A0900913B46 /* TaskCellViewModel.swift in Sources */,
				7D48218A2BEE838A00913B46 /* TaskListViewModel.swift in Sources */,
				7DF4D81C2BEE6A70002E6D03 /* Task.swift in Sources */,
				7DF4D80D2BEE68EA002E6D03 /* Firebase_ToDos_AppleSignInApp.swift in Sources */,
			);
			runOnlyForDeploymentPostprocessing = 0;
		};
/* End PBXSourcesBuildPhase section */

/* Begin XCBuildConfiguration section */
		7DF4D8152BEE68ED002E6D03 /* Debug */ = {
			isa = XCBuildConfiguration;
			buildSettings = {
				ALWAYS_SEARCH_USER_PATHS = NO;
				ASSETCATALOG_COMPILER_GENERATE_SWIFT_ASSET_SYMBOL_EXTENSIONS = YES;
				CLANG_ANALYZER_NONNULL = YES;
				CLANG_ANALYZER_NUMBER_OBJECT_CONVERSION = YES_AGGRESSIVE;
				CLANG_CXX_LANGUAGE_STANDARD = "gnu++20";
				CLANG_ENABLE_MODULES = YES;
				CLANG_ENABLE_OBJC_ARC = YES;
				CLANG_ENABLE_OBJC_WEAK = YES;
				CLANG_WARN_BLOCK_CAPTURE_AUTORELEASING = YES;
				CLANG_WARN_BOOL_CONVERSION = YES;
				CLANG_WARN_COMMA = YES;
				CLANG_WARN_CONSTANT_CONVERSION = YES;
				CLANG_WARN_DEPRECATED_OBJC_IMPLEMENTATIONS = YES;
				CLANG_WARN_DIRECT_OBJC_ISA_USAGE = YES_ERROR;
				CLANG_WARN_DOCUMENTATION_COMMENTS = YES;
				CLANG_WARN_EMPTY_BODY = YES;
				CLANG_WARN_ENUM_CONVERSION = YES;
				CLANG_WARN_INFINITE_RECURSION = YES;
				CLANG_WARN_INT_CONVERSION = YES;
				CLANG_WARN_NON_LITERAL_NULL_CONVERSION = YES;
				CLANG_WARN_OBJC_IMPLICIT_RETAIN_SELF = YES;
				CLANG_WARN_OBJC_LITERAL_CONVERSION = YES;
				CLANG_WARN_OBJC_ROOT_CLASS = YES_ERROR;
				CLANG_WARN_QUOTED_INCLUDE_IN_FRAMEWORK_HEADER = YES;
				CLANG_WARN_RANGE_LOOP_ANALYSIS = YES;
				CLANG_WARN_STRICT_PROTOTYPES = YES;
				CLANG_WARN_SUSPICIOUS_MOVE = YES;
				CLANG_WARN_UNGUARDED_AVAILABILITY = YES_AGGRESSIVE;
				CLANG_WARN_UNREACHABLE_CODE = YES;
				CLANG_WARN__DUPLICATE_METHOD_MATCH = YES;
				COPY_PHASE_STRIP = NO;
				DEBUG_INFORMATION_FORMAT = dwarf;
				ENABLE_STRICT_OBJC_MSGSEND = YES;
				ENABLE_TESTABILITY = YES;
				ENABLE_USER_SCRIPT_SANDBOXING = YES;
				GCC_C_LANGUAGE_STANDARD = gnu17;
				GCC_DYNAMIC_NO_PIC = NO;
				GCC_NO_COMMON_BLOCKS = YES;
				GCC_OPTIMIZATION_LEVEL = 0;
				GCC_PREPROCESSOR_DEFINITIONS = (
					"DEBUG=1",
					"$(inherited)",
				);
				GCC_WARN_64_TO_32_BIT_CONVERSION = YES;
				GCC_WARN_ABOUT_RETURN_TYPE = YES_ERROR;
				GCC_WARN_UNDECLARED_SELECTOR = YES;
				GCC_WARN_UNINITIALIZED_AUTOS = YES_AGGRESSIVE;
				GCC_WARN_UNUSED_FUNCTION = YES;
				GCC_WARN_UNUSED_VARIABLE = YES;
				IPHONEOS_DEPLOYMENT_TARGET = 17.4;
				LOCALIZATION_PREFERS_STRING_CATALOGS = YES;
				MTL_ENABLE_DEBUG_INFO = INCLUDE_SOURCE;
				MTL_FAST_MATH = YES;
				ONLY_ACTIVE_ARCH = YES;
				SDKROOT = iphoneos;
				SWIFT_ACTIVE_COMPILATION_CONDITIONS = "DEBUG $(inherited)";
				SWIFT_OPTIMIZATION_LEVEL = "-Onone";
			};
			name = Debug;
		};
		7DF4D8162BEE68ED002E6D03 /* Release */ = {
			isa = XCBuildConfiguration;
			buildSettings = {
				ALWAYS_SEARCH_USER_PATHS = NO;
				ASSETCATALOG_COMPILER_GENERATE_SWIFT_ASSET_SYMBOL_EXTENSIONS = YES;
				CLANG_ANALYZER_NONNULL = YES;
				CLANG_ANALYZER_NUMBER_OBJECT_CONVERSION = YES_AGGRESSIVE;
				CLANG_CXX_LANGUAGE_STANDARD = "gnu++20";
				CLANG_ENABLE_MODULES = YES;
				CLANG_ENABLE_OBJC_ARC = YES;
				CLANG_ENABLE_OBJC_WEAK = YES;
				CLANG_WARN_BLOCK_CAPTURE_AUTORELEASING = YES;
				CLANG_WARN_BOOL_CONVERSION = YES;
				CLANG_WARN_COMMA = YES;
				CLANG_WARN_CONSTANT_CONVERSION = YES;
				CLANG_WARN_DEPRECATED_OBJC_IMPLEMENTATIONS = YES;
				CLANG_WARN_DIRECT_OBJC_ISA_USAGE = YES_ERROR;
				CLANG_WARN_DOCUMENTATION_COMMENTS = YES;
				CLANG_WARN_EMPTY_BODY = YES;
				CLANG_WARN_ENUM_CONVERSION = YES;
				CLANG_WARN_INFINITE_RECURSION = YES;
				CLANG_WARN_INT_CONVERSION = YES;
				CLANG_WARN_NON_LITERAL_NULL_CONVERSION = YES;
				CLANG_WARN_OBJC_IMPLICIT_RETAIN_SELF = YES;
				CLANG_WARN_OBJC_LITERAL_CONVERSION = YES;
				CLANG_WARN_OBJC_ROOT_CLASS = YES_ERROR;
				CLANG_WARN_QUOTED_INCLUDE_IN_FRAMEWORK_HEADER = YES;
				CLANG_WARN_RANGE_LOOP_ANALYSIS = YES;
				CLANG_WARN_STRICT_PROTOTYPES = YES;
				CLANG_WARN_SUSPICIOUS_MOVE = YES;
				CLANG_WARN_UNGUARDED_AVAILABILITY = YES_AGGRESSIVE;
				CLANG_WARN_UNREACHABLE_CODE = YES;
				CLANG_WARN__DUPLICATE_METHOD_MATCH = YES;
				COPY_PHASE_STRIP = NO;
				DEBUG_INFORMATION_FORMAT = "dwarf-with-dsym";
				ENABLE_NS_ASSERTIONS = NO;
				ENABLE_STRICT_OBJC_MSGSEND = YES;
				ENABLE_USER_SCRIPT_SANDBOXING = YES;
				GCC_C_LANGUAGE_STANDARD = gnu17;
				GCC_NO_COMMON_BLOCKS = YES;
				GCC_WARN_64_TO_32_BIT_CONVERSION = YES;
				GCC_WARN_ABOUT_RETURN_TYPE = YES_ERROR;
				GCC_WARN_UNDECLARED_SELECTOR = YES;
				GCC_WARN_UNINITIALIZED_AUTOS = YES_AGGRESSIVE;
				GCC_WARN_UNUSED_FUNCTION = YES;
				GCC_WARN_UNUSED_VARIABLE = YES;
				IPHONEOS_DEPLOYMENT_TARGET = 17.4;
				LOCALIZATION_PREFERS_STRING_CATALOGS = YES;
				MTL_ENABLE_DEBUG_INFO = NO;
				MTL_FAST_MATH = YES;
				SDKROOT = iphoneos;
				SWIFT_COMPILATION_MODE = wholemodule;
				VALIDATE_PRODUCT = YES;
			};
			name = Release;
		};
		7DF4D8182BEE68ED002E6D03 /* Debug */ = {
			isa = XCBuildConfiguration;
			buildSettings = {
				ASSETCATALOG_COMPILER_APPICON_NAME = AppIcon;
				ASSETCATALOG_COMPILER_GLOBAL_ACCENT_COLOR_NAME = AccentColor;
				CODE_SIGN_STYLE = Automatic;
				CURRENT_PROJECT_VERSION = 1;
				DEVELOPMENT_ASSET_PATHS = "\"Firebase-ToDos-AppleSignIn/Preview Content\"";
				DEVELOPMENT_TEAM = F5G4Y6A6HA;
				ENABLE_PREVIEWS = YES;
				GENERATE_INFOPLIST_FILE = YES;
				INFOPLIST_KEY_UIApplicationSceneManifest_Generation = YES;
				INFOPLIST_KEY_UIApplicationSupportsIndirectInputEvents = YES;
				INFOPLIST_KEY_UILaunchScreen_Generation = YES;
				INFOPLIST_KEY_UISupportedInterfaceOrientations_iPad = "UIInterfaceOrientationPortrait UIInterfaceOrientationPortraitUpsideDown UIInterfaceOrientationLandscapeLeft UIInterfaceOrientationLandscapeRight";
				INFOPLIST_KEY_UISupportedInterfaceOrientations_iPhone = "UIInterfaceOrientationPortrait UIInterfaceOrientationLandscapeLeft UIInterfaceOrientationLandscapeRight";
				LD_RUNPATH_SEARCH_PATHS = (
					"$(inherited)",
					"@executable_path/Frameworks",
				);
				MARKETING_VERSION = 1.0;
				PRODUCT_BUNDLE_IDENTIFIER = "com.cannedcat.Firebase-ToDos-AppleSignIn";
				PRODUCT_NAME = "$(TARGET_NAME)";
				SWIFT_EMIT_LOC_STRINGS = YES;
				SWIFT_VERSION = 5.0;
				TARGETED_DEVICE_FAMILY = "1,2";
			};
			name = Debug;
		};
		7DF4D8192BEE68ED002E6D03 /* Release */ = {
			isa = XCBuildConfiguration;
			buildSettings = {
				ASSETCATALOG_COMPILER_APPICON_NAME = AppIcon;
				ASSETCATALOG_COMPILER_GLOBAL_ACCENT_COLOR_NAME = AccentColor;
				CODE_SIGN_STYLE = Automatic;
				CURRENT_PROJECT_VERSION = 1;
				DEVELOPMENT_ASSET_PATHS = "\"Firebase-ToDos-AppleSignIn/Preview Content\"";
				DEVELOPMENT_TEAM = F5G4Y6A6HA;
				ENABLE_PREVIEWS = YES;
				GENERATE_INFOPLIST_FILE = YES;
				INFOPLIST_KEY_UIApplicationSceneManifest_Generation = YES;
				INFOPLIST_KEY_UIApplicationSupportsIndirectInputEvents = YES;
				INFOPLIST_KEY_UILaunchScreen_Generation = YES;
				INFOPLIST_KEY_UISupportedInterfaceOrientations_iPad = "UIInterfaceOrientationPortrait UIInterfaceOrientationPortraitUpsideDown UIInterfaceOrientationLandscapeLeft UIInterfaceOrientationLandscapeRight";
				INFOPLIST_KEY_UISupportedInterfaceOrientations_iPhone = "UIInterfaceOrientationPortrait UIInterfaceOrientationLandscapeLeft UIInterfaceOrientationLandscapeRight";
				LD_RUNPATH_SEARCH_PATHS = (
					"$(inherited)",
					"@executable_path/Frameworks",
				);
				MARKETING_VERSION = 1.0;
				PRODUCT_BUNDLE_IDENTIFIER = "com.cannedcat.Firebase-ToDos-AppleSignIn";
				PRODUCT_NAME = "$(TARGET_NAME)";
				SWIFT_EMIT_LOC_STRINGS = YES;
				SWIFT_VERSION = 5.0;
				TARGETED_DEVICE_FAMILY = "1,2";
			};
			name = Release;
		};
/* End XCBuildConfiguration section */

/* Begin XCConfigurationList section */
		7DF4D8042BEE68E9002E6D03 /* Build configuration list for PBXProject "Firebase-ToDos-AppleSignIn" */ = {
			isa = XCConfigurationList;
			buildConfigurations = (
				7DF4D8152BEE68ED002E6D03 /* Debug */,
				7DF4D8162BEE68ED002E6D03 /* Release */,
			);
			defaultConfigurationIsVisible = 0;
			defaultConfigurationName = Release;
		};
		7DF4D8172BEE68ED002E6D03 /* Build configuration list for PBXNativeTarget "Firebase-ToDos-AppleSignIn" */ = {
			isa = XCConfigurationList;
			buildConfigurations = (
				7DF4D8182BEE68ED002E6D03 /* Debug */,
				7DF4D8192BEE68ED002E6D03 /* Release */,
			);
			defaultConfigurationIsVisible = 0;
			defaultConfigurationName = Release;
		};
/* End XCConfigurationList section */

/* Begin XCRemoteSwiftPackageReference section */
		7D48218D2BEF6D1F00913B46 /* XCRemoteSwiftPackageReference "firebase-ios-sdk" */ = {
			isa = XCRemoteSwiftPackageReference;
			repositoryURL = "https://github.com/firebase/firebase-ios-sdk";
			requirement = {
				kind = upToNextMajorVersion;
				minimumVersion = 10.25.0;
			};
		};
/* End XCRemoteSwiftPackageReference section */

/* Begin XCSwiftPackageProductDependency section */
		7D48218E2BEF6D1F00913B46 /* FirebaseAnalytics */ = {
			isa = XCSwiftPackageProductDependency;
			package = 7D48218D2BEF6D1F00913B46 /* XCRemoteSwiftPackageReference "firebase-ios-sdk" */;
			productName = FirebaseAnalytics;
		};
		7D4821902BEF6D1F00913B46 /* FirebaseAuth */ = {
			isa = XCSwiftPackageProductDependency;
			package = 7D48218D2BEF6D1F00913B46 /* XCRemoteSwiftPackageReference "firebase-ios-sdk" */;
			productName = FirebaseAuth;
		};
		7D4821922BEF6D1F00913B46 /* FirebaseFirestore */ = {
			isa = XCSwiftPackageProductDependency;
			package = 7D48218D2BEF6D1F00913B46 /* XCRemoteSwiftPackageReference "firebase-ios-sdk" */;
			productName = FirebaseFirestore;
		};
		7D4821952BEF711300913B46 /* FirebaseFirestoreSwift */ = {
			isa = XCSwiftPackageProductDependency;
			package = 7D48218D2BEF6D1F00913B46 /* XCRemoteSwiftPackageReference "firebase-ios-sdk" */;
			productName = FirebaseFirestoreSwift;
		};
/* End XCSwiftPackageProductDependency section */
	};
	rootObject = 7DF4D8012BEE68E9002E6D03 /* Project object */;
}
